
Microsoft Visual Studio Solution File, Format Version 12.00
# Visual Studio 2017
Project("{FAE04EC0-301F-11D3-BF4B-00C04F79EFBC}") = "Command Line", "Command Line.csproj", "{F440E96D-3E7A-20F5-1682-24EB4D4E30F2}"
EndProject
Project("{FAE04EC0-301F-11D3-BF4B-00C04F79EFBC}") = "Command Line.Editor", "Command Line.Editor.csproj", "{09844AB3-9AA1-8F1A-4C2B-0A8915D85D49}"
EndProject
Global
	GlobalSection(SolutionConfigurationPlatforms) = preSolution
		Debug|Any CPU = Debug|Any CPU
		Release|Any CPU = Release|Any CPU
	EndGlobalSection
	GlobalSection(ProjectConfigurationPlatforms) = postSolution
		{F440E96D-3E7A-20F5-1682-24EB4D4E30F2}.Debug|Any CPU.ActiveCfg = Debug|Any CPU
		{F440E96D-3E7A-20F5-1682-24EB4D4E30F2}.Debug|Any CPU.Build.0 = Debug|Any CPU
		{F440E96D-3E7A-20F5-1682-24EB4D4E30F2}.Release|Any CPU.ActiveCfg = Release|Any CPU
		{F440E96D-3E7A-20F5-1682-24EB4D4E30F2}.Release|Any CPU.Build.0 = Release|Any CPU
		{09844AB3-9AA1-8F1A-4C2B-0A8915D85D49}.Debug|Any CPU.ActiveCfg = Debug|Any CPU
		{09844AB3-9AA1-8F1A-4C2B-0A8915D85D49}.Debug|Any CPU.Build.0 = Debug|Any CPU
		{09844AB3-9AA1-8F1A-4C2B-0A8915D85D49}.Release|Any CPU.ActiveCfg = Release|Any CPU
		{09844AB3-9AA1-8F1A-4C2B-0A8915D85D49}.Release|Any CPU.Build.0 = Release|Any CPU
	EndGlobalSection
	GlobalSection(SolutionProperties) = preSolution
		HideSolutionNode = FALSE
	EndGlobalSection
EndGlobal
