
Microsoft Visual Studio Solution File, Format Version 11.00
# Visual Studio 2010
Project("{FAE04EC0-301F-11D3-BF4B-00C04F79EFBC}") = "UPB-Global-Game-Jam-2018-master", "Assembly-CSharp.csproj", "{309BE260-1B35-7A84-E739-630120AC829F}"
EndProject
Global
	GlobalSection(SolutionConfigurationPlatforms) = preSolution
		Debug|Any CPU = Debug|Any CPU
		Release|Any CPU = Release|Any CPU
	EndGlobalSection
	GlobalSection(ProjectConfigurationPlatforms) = postSolution
		{309BE260-1B35-7A84-E739-630120AC829F}.Debug|Any CPU.ActiveCfg = Debug|Any CPU
		{309BE260-1B35-7A84-E739-630120AC829F}.Debug|Any CPU.Build.0 = Debug|Any CPU
		{309BE260-1B35-7A84-E739-630120AC829F}.Release|Any CPU.ActiveCfg = Release|Any CPU
		{309BE260-1B35-7A84-E739-630120AC829F}.Release|Any CPU.Build.0 = Release|Any CPU
	EndGlobalSection
	GlobalSection(SolutionProperties) = preSolution
		HideSolutionNode = FALSE
	EndGlobalSection
	GlobalSection(MonoDevelopProperties) = preSolution
		StartupItem = Assembly-CSharp.csproj
	EndGlobalSection
EndGlobal
